Microsoft Visual Studio Solution File, Format Version 12.00
# Visual Studio 2012
Project("{FAE04EC0-301F-11D3-BF4B-00C04F79EFBC}") = "AntiColonisingGame2000", "AntiColonisingGame2000.csproj", "{772D2B8A-E4AB-4DD0-B586-B213DB598AF6}"
EndProject
Global
	GlobalSection(SolutionConfigurationPlatforms) = preSolution
	Debug|Any CPU = Debug|Any CPU
	ExportDebug|Any CPU = ExportDebug|Any CPU
	ExportRelease|Any CPU = ExportRelease|Any CPU
	EndGlobalSection
	GlobalSection(ProjectConfigurationPlatforms) = postSolution
		{772D2B8A-E4AB-4DD0-B586-B213DB598AF6}.Debug|Any CPU.ActiveCfg = Debug|Any CPU
		{772D2B8A-E4AB-4DD0-B586-B213DB598AF6}.Debug|Any CPU.Build.0 = Debug|Any CPU
		{772D2B8A-E4AB-4DD0-B586-B213DB598AF6}.ExportDebug|Any CPU.ActiveCfg = ExportDebug|Any CPU
		{772D2B8A-E4AB-4DD0-B586-B213DB598AF6}.ExportDebug|Any CPU.Build.0 = ExportDebug|Any CPU
		{772D2B8A-E4AB-4DD0-B586-B213DB598AF6}.ExportRelease|Any CPU.ActiveCfg = ExportRelease|Any CPU
		{772D2B8A-E4AB-4DD0-B586-B213DB598AF6}.ExportRelease|Any CPU.Build.0 = ExportRelease|Any CPU
	EndGlobalSection
EndGlobal
